
Microsoft Visual Studio Solution File, Format Version 12.00
# Visual Studio Version 17
VisualStudioVersion = 17.5.33424.131
MinimumVisualStudioVersion = 10.0.40219.1
Project("{8BC9CEB8-8B4A-11D0-8D11-00A0C91BC942}") = "FriendClass dan Pointer", "FriendClass dan Pointer\FriendClass dan Pointer.vcxproj", "{95FFB2F1-0196-4DB0-8477-043C17B48648}"
EndProject
Project("{8BC9CEB8-8B4A-11D0-8D11-00A0C91BC942}") = "pointer", "Friend class\Friend class.vcxproj", "{EA72F23C-0340-40BD-958E-B867274AE547}"
EndProject
Project("{8BC9CEB8-8B4A-11D0-8D11-00A0C91BC942}") = "Friendclass3", "Friendclass3\Friendclass3.vcxproj", "{7ABF7308-CB7D-410F-B946-284B8E572E4F}"
EndProject
Global
	GlobalSection(SolutionConfigurationPlatforms) = preSolution
		Debug|x64 = Debug|x64
		Debug|x86 = Debug|x86
		Release|x64 = Release|x64
		Release|x86 = Release|x86
	EndGlobalSection
	GlobalSection(ProjectConfigurationPlatforms) = postSolution
		{95FFB2F1-0196-4DB0-8477-043C17B48648}.Debug|x64.ActiveCfg = Debug|x64
		{95FFB2F1-0196-4DB0-8477-043C17B48648}.Debug|x64.Build.0 = Debug|x64
		{95FFB2F1-0196-4DB0-8477-043C17B48648}.Debug|x86.ActiveCfg = Debug|Win32
		{95FFB2F1-0196-4DB0-8477-043C17B48648}.Debug|x86.Build.0 = Debug|Win32
		{95FFB2F1-0196-4DB0-8477-043C17B48648}.Release|x64.ActiveCfg = Release|x64
		{95FFB2F1-0196-4DB0-8477-043C17B48648}.Release|x64.Build.0 = Release|x64
		{95FFB2F1-0196-4DB0-8477-043C17B48648}.Release|x86.ActiveCfg = Release|Win32
		{95FFB2F1-0196-4DB0-8477-043C17B48648}.Release|x86.Build.0 = Release|Win32
		{EA72F23C-0340-40BD-958E-B867274AE547}.Debug|x64.ActiveCfg = Debug|x64
		{EA72F23C-0340-40BD-958E-B867274AE547}.Debug|x64.Build.0 = Debug|x64
		{EA72F23C-0340-40BD-958E-B867274AE547}.Debug|x86.ActiveCfg = Debug|Win32
		{EA72F23C-0340-40BD-958E-B867274AE547}.Debug|x86.Build.0 = Debug|Win32
		{EA72F23C-0340-40BD-958E-B867274AE547}.Release|x64.ActiveCfg = Release|x64
		{EA72F23C-0340-40BD-958E-B867274AE547}.Release|x64.Build.0 = Release|x64
		{EA72F23C-0340-40BD-958E-B867274AE547}.Release|x86.ActiveCfg = Release|Win32
		{EA72F23C-0340-40BD-958E-B867274AE547}.Release|x86.Build.0 = Release|Win32
		{7ABF7308-CB7D-410F-B946-284B8E572E4F}.Debug|x64.ActiveCfg = Debug|x64
		{7ABF7308-CB7D-410F-B946-284B8E572E4F}.Debug|x64.Build.0 = Debug|x64
		{7ABF7308-CB7D-410F-B946-284B8E572E4F}.Debug|x86.ActiveCfg = Debug|Win32
		{7ABF7308-CB7D-410F-B946-284B8E572E4F}.Debug|x86.Build.0 = Debug|Win32
		{7ABF7308-CB7D-410F-B946-284B8E572E4F}.Release|x64.ActiveCfg = Release|x64
		{7ABF7308-CB7D-410F-B946-284B8E572E4F}.Release|x64.Build.0 = Release|x64
		{7ABF7308-CB7D-410F-B946-284B8E572E4F}.Release|x86.ActiveCfg = Release|Win32
		{7ABF7308-CB7D-410F-B946-284B8E572E4F}.Release|x86.Build.0 = Release|Win32
	EndGlobalSection
	GlobalSection(SolutionProperties) = preSolution
		HideSolutionNode = FALSE
	EndGlobalSection
	GlobalSection(ExtensibilityGlobals) = postSolution
		SolutionGuid = {4437DCB0-95E6-4FB2-AD8E-3478703B736F}
	EndGlobalSection
EndGlobal
